// !$*UTF8*$!
{
	archiveVersion = 1;
	classes = {
	};
	objectVersion = 46;
	objects = {

/* Begin PBXBuildFile section */
		37B078BD1D75222E00D6430C /* main.m in Sources */ = {isa = PBXBuildFile; fileRef = 37B078BC1D75222E00D6430C /* main.m */; };
		37B078C01D75222E00D6430C /* AppDelegate.m in Sources */ = {isa = PBXBuildFile; fileRef = 37B078BF1D75222E00D6430C /* AppDelegate.m */; };
		37B078C31D75222E00D6430C /* ViewController.m in Sources */ = {isa = PBXBuildFile; fileRef = 37B078C21D75222E00D6430C /* ViewController.m */; };
		37B078C61D75222E00D6430C /* Main.storyboard in Resources */ = {isa = PBXBuildFile; fileRef = 37B078C41D75222E00D6430C /* Main.storyboard */; };
		37B078C81D75222E00D6430C /* Assets.xcassets in Resources */ = {isa = PBXBuildFile; fileRef = 37B078C71D75222E00D6430C /* Assets.xcassets */; };
		37B078CB1D75222E00D6430C /* LaunchScreen.storyboard in Resources */ = {isa = PBXBuildFile; fileRef = 37B078C91D75222E00D6430C /* LaunchScreen.storyboard */; };
		37B078DA1D757C5400D6430C /* UARequest.m in Sources */ = {isa = PBXBuildFile; fileRef = 37B078D91D757C5400D6430C /* UARequest.m */; };
		37B078DD1D757C6700D6430C /* UAModel.m in Sources */ = {isa = PBXBuildFile; fileRef = 37B078DC1D757C6700D6430C /* UAModel.m */; };
		37B078E01D757C7D00D6430C /* UAHomeViewModel.m in Sources */ = {isa = PBXBuildFile; fileRef = 37B078DF1D757C7D00D6430C /* UAHomeViewModel.m */; };
		37B078E41D757CBD00D6430C /* UAHomeRequest.m in Sources */ = {isa = PBXBuildFile; fileRef = 37B078E31D757CBD00D6430C /* UAHomeRequest.m */; };
		B014EB031D7A8425008294AE /* UAWeiBo.m in Sources */ = {isa = PBXBuildFile; fileRef = B014EB021D7A8425008294AE /* UAWeiBo.m */; };
		B014EB061D7A843C008294AE /* UAUser.m in Sources */ = {isa = PBXBuildFile; fileRef = B014EB051D7A843C008294AE /* UAUser.m */; };
		B014EB0A1D7A8A1F008294AE /* UAWeiBoCell.m in Sources */ = {isa = PBXBuildFile; fileRef = B014EB091D7A8A1F008294AE /* UAWeiBoCell.m */; };
		B02699721D771664006D8FD0 /* UAFollowRequest.m in Sources */ = {isa = PBXBuildFile; fileRef = B02699711D771664006D8FD0 /* UAFollowRequest.m */; };
		CD0A1C993A6E05E6427F1D7C /* libPods-UADemo_01.a in Frameworks */ = {isa = PBXBuildFile; fileRef = 78D31517015ECB75D367721E /* libPods-UADemo_01.a */; };
/* End PBXBuildFile section */

/* Begin PBXFileReference section */
		37B078B81D75222E00D6430C /* UADemo_01.app */ = {isa = PBXFileReference; explicitFileType = wrapper.application; includeInIndex = 0; path = UADemo_01.app; sourceTree = BUILT_PRODUCTS_DIR; };
		37B078BC1D75222E00D6430C /* main.m */ = {isa = PBXFileReference; lastKnownFileType = sourcecode.c.objc; path = main.m; sourceTree = "<group>"; };
		37B078BE1D75222E00D6430C /* AppDelegate.h */ = {isa = PBXFileReference; lastKnownFileType = sourcecode.c.h; path = AppDelegate.h; sourceTree = "<group>"; };
		37B078BF1D75222E00D6430C /* AppDelegate.m */ = {isa = PBXFileReference; lastKnownFileType = sourcecode.c.objc; path = AppDelegate.m; sourceTree = "<group>"; };
		37B078C11D75222E00D6430C /* ViewController.h */ = {isa = PBXFileReference; lastKnownFileType = sourcecode.c.h; path = ViewController.h; sourceTree = "<group>"; };
		37B078C21D75222E00D6430C /* ViewController.m */ = {isa = PBXFileReference; lastKnownFileType = sourcecode.c.objc; path = ViewController.m; sourceTree = "<group>"; };
		37B078C51D75222E00D6430C /* Base */ = {isa = PBXFileReference; lastKnownFileType = file.storyboard; name = Base; path = Base.lproj/Main.storyboard; sourceTree = "<group>"; };
		37B078C71D75222E00D6430C /* Assets.xcassets */ = {isa = PBXFileReference; lastKnownFileType = folder.assetcatalog; path = Assets.xcassets; sourceTree = "<group>"; };
		37B078CA1D75222E00D6430C /* Base */ = {isa = PBXFileReference; lastKnownFileType = file.storyboard; name = Base; path = Base.lproj/LaunchScreen.storyboard; sourceTree = "<group>"; };
		37B078CC1D75222E00D6430C /* Info.plist */ = {isa = PBXFileReference; lastKnownFileType = text.plist.xml; path = Info.plist; sourceTree = "<group>"; };
		37B078D81D757C5400D6430C /* UARequest.h */ = {isa = PBXFileReference; fileEncoding = 4; lastKnownFileType = sourcecode.c.h; path = UARequest.h; sourceTree = "<group>"; };
		37B078D91D757C5400D6430C /* UARequest.m */ = {isa = PBXFileReference; fileEncoding = 4; lastKnownFileType = sourcecode.c.objc; path = UARequest.m; sourceTree = "<group>"; };
		37B078DB1D757C6700D6430C /* UAModel.h */ = {isa = PBXFileReference; fileEncoding = 4; lastKnownFileType = sourcecode.c.h; path = UAModel.h; sourceTree = "<group>"; };
		37B078DC1D757C6700D6430C /* UAModel.m */ = {isa = PBXFileReference; fileEncoding = 4; lastKnownFileType = sourcecode.c.objc; path = UAModel.m; sourceTree = "<group>"; };
		37B078DE1D757C7D00D6430C /* UAHomeViewModel.h */ = {isa = PBXFileReference; fileEncoding = 4; lastKnownFileType = sourcecode.c.h; path = UAHomeViewModel.h; sourceTree = "<group>"; };
		37B078DF1D757C7D00D6430C /* UAHomeViewModel.m */ = {isa = PBXFileReference; fileEncoding = 4; lastKnownFileType = sourcecode.c.objc; path = UAHomeViewModel.m; sourceTree = "<group>"; };
		37B078E21D757CBD00D6430C /* UAHomeRequest.h */ = {isa = PBXFileReference; fileEncoding = 4; lastKnownFileType = sourcecode.c.h; path = UAHomeRequest.h; sourceTree = "<group>"; };
		37B078E31D757CBD00D6430C /* UAHomeRequest.m */ = {isa = PBXFileReference; fileEncoding = 4; lastKnownFileType = sourcecode.c.objc; path = UAHomeRequest.m; sourceTree = "<group>"; };
		78D31517015ECB75D367721E /* libPods-UADemo_01.a */ = {isa = PBXFileReference; explicitFileType = archive.ar; includeInIndex = 0; path = "libPods-UADemo_01.a"; sourceTree = BUILT_PRODUCTS_DIR; };
		81D90C6E107D84A8F4F548E3 /* Pods-UADemo_01.debug.xcconfig */ = {isa = PBXFileReference; includeInIndex = 1; lastKnownFileType = text.xcconfig; name = "Pods-UADemo_01.debug.xcconfig"; path = "Pods/Target Support Files/Pods-UADemo_01/Pods-UADemo_01.debug.xcconfig"; sourceTree = "<group>"; };
		B014EB011D7A8425008294AE /* UAWeiBo.h */ = {isa = PBXFileReference; fileEncoding = 4; lastKnownFileType = sourcecode.c.h; path = UAWeiBo.h; sourceTree = "<group>"; };
		B014EB021D7A8425008294AE /* UAWeiBo.m */ = {isa = PBXFileReference; fileEncoding = 4; lastKnownFileType = sourcecode.c.objc; path = UAWeiBo.m; sourceTree = "<group>"; };
		B014EB041D7A843C008294AE /* UAUser.h */ = {isa = PBXFileReference; fileEncoding = 4; lastKnownFileType = sourcecode.c.h; path = UAUser.h; sourceTree = "<group>"; };
		B014EB051D7A843C008294AE /* UAUser.m */ = {isa = PBXFileReference; fileEncoding = 4; lastKnownFileType = sourcecode.c.objc; path = UAUser.m; sourceTree = "<group>"; };
		B014EB081D7A8A1F008294AE /* UAWeiBoCell.h */ = {isa = PBXFileReference; fileEncoding = 4; lastKnownFileType = sourcecode.c.h; path = UAWeiBoCell.h; sourceTree = "<group>"; };
		B014EB091D7A8A1F008294AE /* UAWeiBoCell.m */ = {isa = PBXFileReference; fileEncoding = 4; lastKnownFileType = sourcecode.c.objc; path = UAWeiBoCell.m; sourceTree = "<group>"; };
		B014EB0B1D7A9923008294AE /* PrefixHeader.pch */ = {isa = PBXFileReference; fileEncoding = 4; lastKnownFileType = sourcecode.c.h; path = PrefixHeader.pch; sourceTree = "<group>"; };
		B02699701D771664006D8FD0 /* UAFollowRequest.h */ = {isa = PBXFileReference; fileEncoding = 4; lastKnownFileType = sourcecode.c.h; path = UAFollowRequest.h; sourceTree = "<group>"; };
		B02699711D771664006D8FD0 /* UAFollowRequest.m */ = {isa = PBXFileReference; fileEncoding = 4; lastKnownFileType = sourcecode.c.objc; path = UAFollowRequest.m; sourceTree = "<group>"; };
		C1BB9BF6FA5BAFBA1EE22AC3 /* Pods-UADemo_01.release.xcconfig */ = {isa = PBXFileReference; includeInIndex = 1; lastKnownFileType = text.xcconfig; name = "Pods-UADemo_01.release.xcconfig"; path = "Pods/Target Support Files/Pods-UADemo_01/Pods-UADemo_01.release.xcconfig"; sourceTree = "<group>"; };
/* End PBXFileReference section */

/* Begin PBXFrameworksBuildPhase section */
		37B078B51D75222E00D6430C /* Frameworks */ = {
			isa = PBXFrameworksBuildPhase;
			buildActionMask = 2147483647;
			files = (
				CD0A1C993A6E05E6427F1D7C /* libPods-UADemo_01.a in Frameworks */,
			);
			runOnlyForDeploymentPostprocessing = 0;
		};
/* End PBXFrameworksBuildPhase section */

/* Begin PBXGroup section */
		1B89AE7D01634ECAE95DD9DE /* Frameworks */ = {
			isa = PBXGroup;
			children = (
				78D31517015ECB75D367721E /* libPods-UADemo_01.a */,
			);
			name = Frameworks;
			sourceTree = "<group>";
		};
		37B078AF1D75222E00D6430C = {
			isa = PBXGroup;
			children = (
				37B078BA1D75222E00D6430C /* UADemo_01 */,
				37B078B91D75222E00D6430C /* Products */,
				45CD91DCDB850D622778D9EF /* Pods */,
				1B89AE7D01634ECAE95DD9DE /* Frameworks */,
			);
			sourceTree = "<group>";
		};
		37B078B91D75222E00D6430C /* Products */ = {
			isa = PBXGroup;
			children = (
				37B078B81D75222E00D6430C /* UADemo_01.app */,
			);
			name = Products;
			sourceTree = "<group>";
		};
		37B078BA1D75222E00D6430C /* UADemo_01 */ = {
			isa = PBXGroup;
			children = (
				B014EB071D7A8A00008294AE /* Cell */,
				37B078D61D757BAE00D6430C /* Resource */,
				37B078D51D75224E00D6430C /* Controller */,
				37B078D41D75224600D6430C /* View */,
				37B078D31D75223E00D6430C /* Model */,
				37B078D21D75223700D6430C /* ViewModel */,
				37B078BE1D75222E00D6430C /* AppDelegate.h */,
				37B078BF1D75222E00D6430C /* AppDelegate.m */,
				37B078C11D75222E00D6430C /* ViewController.h */,
				37B078C21D75222E00D6430C /* ViewController.m */,
				37B078C41D75222E00D6430C /* Main.storyboard */,
				37B078C71D75222E00D6430C /* Assets.xcassets */,
				37B078C91D75222E00D6430C /* LaunchScreen.storyboard */,
				37B078CC1D75222E00D6430C /* Info.plist */,
				37B078BB1D75222E00D6430C /* Supporting Files */,
			);
			path = UADemo_01;
			sourceTree = "<group>";
		};
		37B078BB1D75222E00D6430C /* Supporting Files */ = {
			isa = PBXGroup;
			children = (
				37B078BC1D75222E00D6430C /* main.m */,
				B014EB0B1D7A9923008294AE /* PrefixHeader.pch */,
			);
			name = "Supporting Files";
			sourceTree = "<group>";
		};
		37B078D21D75223700D6430C /* ViewModel */ = {
			isa = PBXGroup;
			children = (
				37B078DE1D757C7D00D6430C /* UAHomeViewModel.h */,
				37B078DF1D757C7D00D6430C /* UAHomeViewModel.m */,
			);
			name = ViewModel;
			sourceTree = "<group>";
		};
		37B078D31D75223E00D6430C /* Model */ = {
			isa = PBXGroup;
			children = (
				B014EB001D7A83E6008294AE /* Home */,
				37B078D71D757BB900D6430C /* Request */,
				37B078DB1D757C6700D6430C /* UAModel.h */,
				37B078DC1D757C6700D6430C /* UAModel.m */,
			);
			name = Model;
			sourceTree = "<group>";
		};
		37B078D41D75224600D6430C /* View */ = {
			isa = PBXGroup;
			children = (
			);
			name = View;
			sourceTree = "<group>";
		};
		37B078D51D75224E00D6430C /* Controller */ = {
			isa = PBXGroup;
			children = (
			);
			name = Controller;
			sourceTree = "<group>";
		};
		37B078D61D757BAE00D6430C /* Resource */ = {
			isa = PBXGroup;
			children = (
			);
			name = Resource;
			sourceTree = "<group>";
		};
		37B078D71D757BB900D6430C /* Request */ = {
			isa = PBXGroup;
			children = (
				37B078E11D757CA800D6430C /* Home */,
				37B078D81D757C5400D6430C /* UARequest.h */,
				37B078D91D757C5400D6430C /* UARequest.m */,
			);
			name = Request;
			sourceTree = "<group>";
		};
		37B078E11D757CA800D6430C /* Home */ = {
			isa = PBXGroup;
			children = (
				37B078E21D757CBD00D6430C /* UAHomeRequest.h */,
				37B078E31D757CBD00D6430C /* UAHomeRequest.m */,
				B02699701D771664006D8FD0 /* UAFollowRequest.h */,
				B02699711D771664006D8FD0 /* UAFollowRequest.m */,
			);
			name = Home;
			sourceTree = "<group>";
		};
		45CD91DCDB850D622778D9EF /* Pods */ = {
			isa = PBXGroup;
			children = (
				81D90C6E107D84A8F4F548E3 /* Pods-UADemo_01.debug.xcconfig */,
				C1BB9BF6FA5BAFBA1EE22AC3 /* Pods-UADemo_01.release.xcconfig */,
			);
			name = Pods;
			sourceTree = "<group>";
		};
		B014EB001D7A83E6008294AE /* Home */ = {
			isa = PBXGroup;
			children = (
				B014EB011D7A8425008294AE /* UAWeiBo.h */,
				B014EB021D7A8425008294AE /* UAWeiBo.m */,
				B014EB041D7A843C008294AE /* UAUser.h */,
				B014EB051D7A843C008294AE /* UAUser.m */,
			);
			name = Home;
			sourceTree = "<group>";
		};
		B014EB071D7A8A00008294AE /* Cell */ = {
			isa = PBXGroup;
			children = (
				B014EB081D7A8A1F008294AE /* UAWeiBoCell.h */,
				B014EB091D7A8A1F008294AE /* UAWeiBoCell.m */,
			);
			name = Cell;
			sourceTree = "<group>";
		};
/* End PBXGroup section */

/* Begin PBXNativeTarget section */
		37B078B71D75222E00D6430C /* UADemo_01 */ = {
			isa = PBXNativeTarget;
			buildConfigurationList = 37B078CF1D75222E00D6430C /* Build configuration list for PBXNativeTarget "UADemo_01" */;
			buildPhases = (
				BA041E0494C60969A76A03C3 /* [CP] Check Pods Manifest.lock */,
				37B078B41D75222E00D6430C /* Sources */,
				37B078B51D75222E00D6430C /* Frameworks */,
				37B078B61D75222E00D6430C /* Resources */,
				76F79ABE4B36437E6E5C23A2 /* [CP] Embed Pods Frameworks */,
				C6FBBE8BB7FBCBFD251FD030 /* [CP] Copy Pods Resources */,
			);
			buildRules = (
			);
			dependencies = (
			);
			name = UADemo_01;
			productName = UADemo_01;
			productReference = 37B078B81D75222E00D6430C /* UADemo_01.app */;
			productType = "com.apple.product-type.application";
		};
/* End PBXNativeTarget section */

/* Begin PBXProject section */
		37B078B01D75222E00D6430C /* Project object */ = {
			isa = PBXProject;
			attributes = {
				LastUpgradeCheck = 0720;
				TargetAttributes = {
					37B078B71D75222E00D6430C = {
						CreatedOnToolsVersion = 7.2;
					};
				};
			};
			buildConfigurationList = 37B078B31D75222E00D6430C /* Build configuration list for PBXProject "UADemo_01" */;
			compatibilityVersion = "Xcode 3.2";
			developmentRegion = English;
			hasScannedForEncodings = 0;
			knownRegions = (
				en,
				Base,
			);
			mainGroup = 37B078AF1D75222E00D6430C;
			productRefGroup = 37B078B91D75222E00D6430C /* Products */;
			projectDirPath = "";
			projectRoot = "";
			targets = (
				37B078B71D75222E00D6430C /* UADemo_01 */,
			);
		};
/* End PBXProject section */

/* Begin PBXResourcesBuildPhase section */
		37B078B61D75222E00D6430C /* Resources */ = {
			isa = PBXResourcesBuildPhase;
			buildActionMask = 2147483647;
			files = (
				37B078CB1D75222E00D6430C /* LaunchScreen.storyboard in Resources */,
				37B078C81D75222E00D6430C /* Assets.xcassets in Resources */,
				37B078C61D75222E00D6430C /* Main.storyboard in Resources */,
			);
			runOnlyForDeploymentPostprocessing = 0;
		};
/* End PBXResourcesBuildPhase section */

/* Begin PBXShellScriptBuildPhase section */
		76F79ABE4B36437E6E5C23A2 /* [CP] Embed Pods Frameworks */ = {
			isa = PBXShellScriptBuildPhase;
			buildActionMask = 2147483647;
			files = (
			);
			inputPaths = (
			);
			name = "[CP] Embed Pods Frameworks";
			outputPaths = (
			);
			runOnlyForDeploymentPostprocessing = 0;
			shellPath = /bin/sh;
			shellScript = "\"${SRCROOT}/Pods/Target Support Files/Pods-UADemo_01/Pods-UADemo_01-frameworks.sh\"\n";
			showEnvVarsInLog = 0;
		};
		BA041E0494C60969A76A03C3 /* [CP] Check Pods Manifest.lock */ = {
			isa = PBXShellScriptBuildPhase;
			buildActionMask = 2147483647;
			files = (
			);
			inputPaths = (
			);
			name = "[CP] Check Pods Manifest.lock";
			outputPaths = (
			);
			runOnlyForDeploymentPostprocessing = 0;
			shellPath = /bin/sh;
			shellScript = "diff \"${PODS_ROOT}/../Podfile.lock\" \"${PODS_ROOT}/Manifest.lock\" > /dev/null\nif [[ $? != 0 ]] ; then\n    cat << EOM\nerror: The sandbox is not in sync with the Podfile.lock. Run 'pod install' or update your CocoaPods installation.\nEOM\n    exit 1\nfi\n";
			showEnvVarsInLog = 0;
		};
		C6FBBE8BB7FBCBFD251FD030 /* [CP] Copy Pods Resources */ = {
			isa = PBXShellScriptBuildPhase;
			buildActionMask = 2147483647;
			files = (
			);
			inputPaths = (
			);
			name = "[CP] Copy Pods Resources";
			outputPaths = (
			);
			runOnlyForDeploymentPostprocessing = 0;
			shellPath = /bin/sh;
			shellScript = "\"${SRCROOT}/Pods/Target Support Files/Pods-UADemo_01/Pods-UADemo_01-resources.sh\"\n";
			showEnvVarsInLog = 0;
		};
/* End PBXShellScriptBuildPhase section */

/* Begin PBXSourcesBuildPhase section */
		37B078B41D75222E00D6430C /* Sources */ = {
			isa = PBXSourcesBuildPhase;
			buildActionMask = 2147483647;
			files = (
				37B078C31D75222E00D6430C /* ViewController.m in Sources */,
				37B078DA1D757C5400D6430C /* UARequest.m in Sources */,
				B014EB031D7A8425008294AE /* UAWeiBo.m in Sources */,
				37B078E41D757CBD00D6430C /* UAHomeRequest.m in Sources */,
				B014EB061D7A843C008294AE /* UAUser.m in Sources */,
				37B078E01D757C7D00D6430C /* UAHomeViewModel.m in Sources */,
				37B078DD1D757C6700D6430C /* UAModel.m in Sources */,
				B014EB0A1D7A8A1F008294AE /* UAWeiBoCell.m in Sources */,
				37B078C01D75222E00D6430C /* AppDelegate.m in Sources */,
				B02699721D771664006D8FD0 /* UAFollowRequest.m in Sources */,
				37B078BD1D75222E00D6430C /* main.m in Sources */,
			);
			runOnlyForDeploymentPostprocessing = 0;
		};
/* End PBXSourcesBuildPhase section */

/* Begin PBXVariantGroup section */
		37B078C41D75222E00D6430C /* Main.storyboard */ = {
			isa = PBXVariantGroup;
			children = (
				37B078C51D75222E00D6430C /* Base */,
			);
			name = Main.storyboard;
			sourceTree = "<group>";
		};
		37B078C91D75222E00D6430C /* LaunchScreen.storyboard */ = {
			isa = PBXVariantGroup;
			children = (
				37B078CA1D75222E00D6430C /* Base */,
			);
			name = LaunchScreen.storyboard;
			sourceTree = "<group>";
		};
/* End PBXVariantGroup section */

/* Begin XCBuildConfiguration section */
		37B078CD1D75222E00D6430C /* Debug */ = {
			isa = XCBuildConfiguration;
			buildSettings = {
				ALWAYS_SEARCH_USER_PATHS = NO;
				CLANG_CXX_LANGUAGE_STANDARD = "gnu++0x";
				CLANG_CXX_LIBRARY = "libc++";
				CLANG_ENABLE_MODULES = YES;
				CLANG_ENABLE_OBJC_ARC = YES;
				CLANG_WARN_BOOL_CONVERSION = YES;
				CLANG_WARN_CONSTANT_CONVERSION = YES;
				CLANG_WARN_DIRECT_OBJC_ISA_USAGE = YES_ERROR;
				CLANG_WARN_EMPTY_BODY = YES;
				CLANG_WARN_ENUM_CONVERSION = YES;
				CLANG_WARN_INT_CONVERSION = YES;
				CLANG_WARN_OBJC_ROOT_CLASS = YES_ERROR;
				CLANG_WARN_UNREACHABLE_CODE = YES;
				CLANG_WARN__DUPLICATE_METHOD_MATCH = YES;
				"CODE_SIGN_IDENTITY[sdk=iphoneos*]" = "iPhone Developer";
				COPY_PHASE_STRIP = NO;
				DEBUG_INFORMATION_FORMAT = dwarf;
				ENABLE_STRICT_OBJC_MSGSEND = YES;
				ENABLE_TESTABILITY = YES;
				GCC_C_LANGUAGE_STANDARD = gnu99;
				GCC_DYNAMIC_NO_PIC = NO;
				GCC_NO_COMMON_BLOCKS = YES;
				GCC_OPTIMIZATION_LEVEL = 0;
				GCC_PREPROCESSOR_DEFINITIONS = (
					"DEBUG=1",
					"$(inherited)",
				);
				GCC_WARN_64_TO_32_BIT_CONVERSION = YES;
				GCC_WARN_ABOUT_RETURN_TYPE = YES_ERROR;
				GCC_WARN_UNDECLARED_SELECTOR = YES;
				GCC_WARN_UNINITIALIZED_AUTOS = YES_AGGRESSIVE;
				GCC_WARN_UNUSED_FUNCTION = YES;
				GCC_WARN_UNUSED_VARIABLE = YES;
				IPHONEOS_DEPLOYMENT_TARGET = 9.2;
				MTL_ENABLE_DEBUG_INFO = YES;
				ONLY_ACTIVE_ARCH = YES;
				SDKROOT = iphoneos;
				TARGETED_DEVICE_FAMILY = "1,2";
			};
			name = Debug;
		};
		37B078CE1D75222E00D6430C /* Release */ = {
			isa = XCBuildConfiguration;
			buildSettings = {
				ALWAYS_SEARCH_USER_PATHS = NO;
				CLANG_CXX_LANGUAGE_STANDARD = "gnu++0x";
				CLANG_CXX_LIBRARY = "libc++";
				CLANG_ENABLE_MODULES = YES;
				CLANG_ENABLE_OBJC_ARC = YES;
				CLANG_WARN_BOOL_CONVERSION = YES;
				CLANG_WARN_CONSTANT_CONVERSION = YES;
				CLANG_WARN_DIRECT_OBJC_ISA_USAGE = YES_ERROR;
				CLANG_WARN_EMPTY_BODY = YES;
				CLANG_WARN_ENUM_CONVERSION = YES;
				CLANG_WARN_INT_CONVERSION = YES;
				CLANG_WARN_OBJC_ROOT_CLASS = YES_ERROR;
				CLANG_WARN_UNREACHABLE_CODE = YES;
				CLANG_WARN__DUPLICATE_METHOD_MATCH = YES;
				"CODE_SIGN_IDENTITY[sdk=iphoneos*]" = "iPhone Developer";
				COPY_PHASE_STRIP = NO;
				DEBUG_INFORMATION_FORMAT = "dwarf-with-dsym";
				ENABLE_NS_ASSERTIONS = NO;
				ENABLE_STRICT_OBJC_MSGSEND = YES;
				GCC_C_LANGUAGE_STANDARD = gnu99;
				GCC_NO_COMMON_BLOCKS = YES;
				GCC_WARN_64_TO_32_BIT_CONVERSION = YES;
				GCC_WARN_ABOUT_RETURN_TYPE = YES_ERROR;
				GCC_WARN_UNDECLARED_SELECTOR = YES;
				GCC_WARN_UNINITIALIZED_AUTOS = YES_AGGRESSIVE;
				GCC_WARN_UNUSED_FUNCTION = YES;
				GCC_WARN_UNUSED_VARIABLE = YES;
				IPHONEOS_DEPLOYMENT_TARGET = 9.2;
				MTL_ENABLE_DEBUG_INFO = NO;
				SDKROOT = iphoneos;
				TARGETED_DEVICE_FAMILY = "1,2";
				VALIDATE_PRODUCT = YES;
			};
			name = Release;
		};
		37B078D01D75222E00D6430C /* Debug */ = {
			isa = XCBuildConfiguration;
			baseConfigurationReference = 81D90C6E107D84A8F4F548E3 /* Pods-UADemo_01.debug.xcconfig */;
			buildSettings = {
				ASSETCATALOG_COMPILER_APPICON_NAME = AppIcon;
				GCC_PREFIX_HEADER = "$(SRCROOT)/UADemo_01/PrefixHeader.pch";
				INFOPLIST_FILE = UADemo_01/Info.plist;
				LD_RUNPATH_SEARCH_PATHS = "$(inherited) @executable_path/Frameworks";
				PRODUCT_BUNDLE_IDENTIFIER = "com.UADemo-01";
				PRODUCT_NAME = "$(TARGET_NAME)";
			};
			name = Debug;
		};
		37B078D11D75222E00D6430C /* Release */ = {
			isa = XCBuildConfiguration;
			baseConfigurationReference = C1BB9BF6FA5BAFBA1EE22AC3 /* Pods-UADemo_01.release.xcconfig */;
			buildSettings = {
				ASSETCATALOG_COMPILER_APPICON_NAME = AppIcon;
				GCC_PREFIX_HEADER = "$(SRCROOT)/UADemo_01/PrefixHeader.pch";
				INFOPLIST_FILE = UADemo_01/Info.plist;
				LD_RUNPATH_SEARCH_PATHS = "$(inherited) @executable_path/Frameworks";
				PRODUCT_BUNDLE_IDENTIFIER = "com.UADemo-01";
				PRODUCT_NAME = "$(TARGET_NAME)";
			};
			name = Release;
		};
/* End XCBuildConfiguration section */

/* Begin XCConfigurationList section */
		37B078B31D75222E00D6430C /* Build configuration list for PBXProject "UADemo_01" */ = {
			isa = XCConfigurationList;
			buildConfigurations = (
				37B078CD1D75222E00D6430C /* Debug */,
				37B078CE1D75222E00D6430C /* Release */,
			);
			defaultConfigurationIsVisible = 0;
			defaultConfigurationName = Release;
		};
		37B078CF1D75222E00D6430C /* Build configuration list for PBXNativeTarget "UADemo_01" */ = {
			isa = XCConfigurationList;
			buildConfigurations = (
				37B078D01D75222E00D6430C /* Debug */,
				37B078D11D75222E00D6430C /* Release */,
			);
			defaultConfigurationIsVisible = 0;
			defaultConfigurationName = Release;
		};
/* End XCConfigurationList section */
	};
	rootObject = 37B078B01D75222E00D6430C /* Project object */;
}
